
Microsoft Visual Studio Solution File, Format Version 12.00
# Visual Studio Version 17
VisualStudioVersion = 17.0.31919.166
MinimumVisualStudioVersion = 10.0.40219.1
Project("{FAE04EC0-301F-11D3-BF4B-00C04F79EFBC}") = "Caja.Escritorio", "Caja.Escritorio\Caja.Escritorio.csproj", "{8CED53E9-B5CE-4C19-BE71-9ABF489DED4E}"
EndProject
Project("{FAE04EC0-301F-11D3-BF4B-00C04F79EFBC}") = "Caja.Datos", "Caja.Datos\Caja.Datos.csproj", "{6DF09DE9-0AD5-45D3-96BC-0FA9FC097BF8}"
EndProject
Project("{FAE04EC0-301F-11D3-BF4B-00C04F79EFBC}") = "Caja.Entidades", "Caja.Entidades\Caja.Entidades.csproj", "{B8609059-3756-4731-B056-E59562089472}"
EndProject
Project("{FAE04EC0-301F-11D3-BF4B-00C04F79EFBC}") = "Caja.Dominio", "Caja.Dominio\Caja.Dominio.csproj", "{BAEFC8A1-2B36-4126-BF90-5D273A28826B}"
EndProject
Project("{FAE04EC0-301F-11D3-BF4B-00C04F79EFBC}") = "Caja.Common", "Caja.Common\Caja.Common.csproj", "{C16DB1DD-2FB8-4CFD-9671-866ACF0732E8}"
EndProject
Project("{2150E333-8FDC-42A3-9474-1A3956D46DE8}") = "Common", "Common", "{ABCBA015-48AB-4CBA-807B-D19D1A7C4323}"
EndProject
Project("{2150E333-8FDC-42A3-9474-1A3956D46DE8}") = "Datos", "Datos", "{3A620621-DD5D-49C4-A482-B9C2EC6FF69C}"
EndProject
Project("{2150E333-8FDC-42A3-9474-1A3956D46DE8}") = "Dominio", "Dominio", "{1D89DE40-1906-49DC-8C83-206125E98BF5}"
EndProject
Project("{2150E333-8FDC-42A3-9474-1A3956D46DE8}") = "Entidades", "Entidades", "{3264107D-9230-48CA-AF0B-009698E6AC23}"
EndProject
Project("{2150E333-8FDC-42A3-9474-1A3956D46DE8}") = "Presentacion", "Presentacion", "{867F4AD0-6A3C-4B09-B68C-1CA8C33F122B}"
EndProject
Project("{FAE04EC0-301F-11D3-BF4B-00C04F79EFBC}") = "JSON Viewer", "JSON Viewer\JSON Viewer.csproj", "{EB2E042C-5214-441B-863E-E528B4D0AB50}"
EndProject
Project("{9A19103F-16F7-4668-BE54-9A1E7A4F7556}") = "Caja.MVC.Core", "Caja.MVC.Core\Caja.MVC.Core.csproj", "{BEE1DDBB-17BB-4873-9CDA-381BEA49ED47}"
EndProject
Project("{2150E333-8FDC-42A3-9474-1A3956D46DE8}") = "FrontEnd.Web", "FrontEnd.Web", "{CE22D9B5-405B-40F1-923C-2838E1A6D436}"
EndProject
Project("{2150E333-8FDC-42A3-9474-1A3956D46DE8}") = "Escritorio", "Escritorio", "{A5D6959D-8FF2-43F9-8E70-0162169DEEBA}"
EndProject
Project("{2150E333-8FDC-42A3-9474-1A3956D46DE8}") = "Core", "Core", "{71AF4067-67F4-4986-8E6A-14394FA0853F}"
EndProject
Project("{9A19103F-16F7-4668-BE54-9A1E7A4F7556}") = "Caja.Core.Repositorio", "Caja.Core.Repositorio\Caja.Core.Repositorio.csproj", "{8D3F4B1D-033B-4ECE-8BDA-110968EDFE37}"
EndProject
Project("{9A19103F-16F7-4668-BE54-9A1E7A4F7556}") = "Caja.Core.Entidades", "Caja.Core.Entidades\Caja.Core.Entidades.csproj", "{22C7CE62-817C-4DA6-9E0C-E02D2A721452}"
EndProject
Project("{9A19103F-16F7-4668-BE54-9A1E7A4F7556}") = "Caja.Reportes", "Caja.Reportes\Caja.Reportes.csproj", "{9629DDAB-4E84-4C65-A9E1-4B7140D9FC31}"
EndProject
Project("{FAE04EC0-301F-11D3-BF4B-00C04F79EFBC}") = "Caja.API", "Caja.API\Caja.API.csproj", "{46A9F63B-9CB0-4526-9C63-A6B932754AD6}"
EndProject
Global
	GlobalSection(SolutionConfigurationPlatforms) = preSolution
		Debug|Any CPU = Debug|Any CPU
		Release|Any CPU = Release|Any CPU
	EndGlobalSection
	GlobalSection(ProjectConfigurationPlatforms) = postSolution
		{8CED53E9-B5CE-4C19-BE71-9ABF489DED4E}.Debug|Any CPU.ActiveCfg = Debug|Any CPU
		{8CED53E9-B5CE-4C19-BE71-9ABF489DED4E}.Debug|Any CPU.Build.0 = Debug|Any CPU
		{8CED53E9-B5CE-4C19-BE71-9ABF489DED4E}.Release|Any CPU.ActiveCfg = Release|Any CPU
		{8CED53E9-B5CE-4C19-BE71-9ABF489DED4E}.Release|Any CPU.Build.0 = Release|Any CPU
		{6DF09DE9-0AD5-45D3-96BC-0FA9FC097BF8}.Debug|Any CPU.ActiveCfg = Debug|Any CPU
		{6DF09DE9-0AD5-45D3-96BC-0FA9FC097BF8}.Debug|Any CPU.Build.0 = Debug|Any CPU
		{6DF09DE9-0AD5-45D3-96BC-0FA9FC097BF8}.Release|Any CPU.ActiveCfg = Release|Any CPU
		{6DF09DE9-0AD5-45D3-96BC-0FA9FC097BF8}.Release|Any CPU.Build.0 = Release|Any CPU
		{B8609059-3756-4731-B056-E59562089472}.Debug|Any CPU.ActiveCfg = Debug|Any CPU
		{B8609059-3756-4731-B056-E59562089472}.Debug|Any CPU.Build.0 = Debug|Any CPU
		{B8609059-3756-4731-B056-E59562089472}.Release|Any CPU.ActiveCfg = Release|Any CPU
		{B8609059-3756-4731-B056-E59562089472}.Release|Any CPU.Build.0 = Release|Any CPU
		{BAEFC8A1-2B36-4126-BF90-5D273A28826B}.Debug|Any CPU.ActiveCfg = Debug|Any CPU
		{BAEFC8A1-2B36-4126-BF90-5D273A28826B}.Debug|Any CPU.Build.0 = Debug|Any CPU
		{BAEFC8A1-2B36-4126-BF90-5D273A28826B}.Release|Any CPU.ActiveCfg = Release|Any CPU
		{BAEFC8A1-2B36-4126-BF90-5D273A28826B}.Release|Any CPU.Build.0 = Release|Any CPU
		{C16DB1DD-2FB8-4CFD-9671-866ACF0732E8}.Debug|Any CPU.ActiveCfg = Debug|Any CPU
		{C16DB1DD-2FB8-4CFD-9671-866ACF0732E8}.Debug|Any CPU.Build.0 = Debug|Any CPU
		{C16DB1DD-2FB8-4CFD-9671-866ACF0732E8}.Release|Any CPU.ActiveCfg = Release|Any CPU
		{C16DB1DD-2FB8-4CFD-9671-866ACF0732E8}.Release|Any CPU.Build.0 = Release|Any CPU
		{EB2E042C-5214-441B-863E-E528B4D0AB50}.Debug|Any CPU.ActiveCfg = Debug|Any CPU
		{EB2E042C-5214-441B-863E-E528B4D0AB50}.Debug|Any CPU.Build.0 = Debug|Any CPU
		{EB2E042C-5214-441B-863E-E528B4D0AB50}.Release|Any CPU.ActiveCfg = Release|Any CPU
		{EB2E042C-5214-441B-863E-E528B4D0AB50}.Release|Any CPU.Build.0 = Release|Any CPU
		{BEE1DDBB-17BB-4873-9CDA-381BEA49ED47}.Debug|Any CPU.ActiveCfg = Debug|Any CPU
		{BEE1DDBB-17BB-4873-9CDA-381BEA49ED47}.Debug|Any CPU.Build.0 = Debug|Any CPU
		{BEE1DDBB-17BB-4873-9CDA-381BEA49ED47}.Release|Any CPU.ActiveCfg = Release|Any CPU
		{BEE1DDBB-17BB-4873-9CDA-381BEA49ED47}.Release|Any CPU.Build.0 = Release|Any CPU
		{8D3F4B1D-033B-4ECE-8BDA-110968EDFE37}.Debug|Any CPU.ActiveCfg = Debug|Any CPU
		{8D3F4B1D-033B-4ECE-8BDA-110968EDFE37}.Debug|Any CPU.Build.0 = Debug|Any CPU
		{8D3F4B1D-033B-4ECE-8BDA-110968EDFE37}.Release|Any CPU.ActiveCfg = Release|Any CPU
		{8D3F4B1D-033B-4ECE-8BDA-110968EDFE37}.Release|Any CPU.Build.0 = Release|Any CPU
		{22C7CE62-817C-4DA6-9E0C-E02D2A721452}.Debug|Any CPU.ActiveCfg = Debug|Any CPU
		{22C7CE62-817C-4DA6-9E0C-E02D2A721452}.Debug|Any CPU.Build.0 = Debug|Any CPU
		{22C7CE62-817C-4DA6-9E0C-E02D2A721452}.Release|Any CPU.ActiveCfg = Release|Any CPU
		{22C7CE62-817C-4DA6-9E0C-E02D2A721452}.Release|Any CPU.Build.0 = Release|Any CPU
		{9629DDAB-4E84-4C65-A9E1-4B7140D9FC31}.Debug|Any CPU.ActiveCfg = Debug|Any CPU
		{9629DDAB-4E84-4C65-A9E1-4B7140D9FC31}.Debug|Any CPU.Build.0 = Debug|Any CPU
		{9629DDAB-4E84-4C65-A9E1-4B7140D9FC31}.Release|Any CPU.ActiveCfg = Release|Any CPU
		{9629DDAB-4E84-4C65-A9E1-4B7140D9FC31}.Release|Any CPU.Build.0 = Release|Any CPU
		{46A9F63B-9CB0-4526-9C63-A6B932754AD6}.Debug|Any CPU.ActiveCfg = Debug|Any CPU
		{46A9F63B-9CB0-4526-9C63-A6B932754AD6}.Debug|Any CPU.Build.0 = Debug|Any CPU
		{46A9F63B-9CB0-4526-9C63-A6B932754AD6}.Release|Any CPU.ActiveCfg = Release|Any CPU
		{46A9F63B-9CB0-4526-9C63-A6B932754AD6}.Release|Any CPU.Build.0 = Release|Any CPU
	EndGlobalSection
	GlobalSection(SolutionProperties) = preSolution
		HideSolutionNode = FALSE
	EndGlobalSection
	GlobalSection(NestedProjects) = preSolution
		{8CED53E9-B5CE-4C19-BE71-9ABF489DED4E} = {867F4AD0-6A3C-4B09-B68C-1CA8C33F122B}
		{6DF09DE9-0AD5-45D3-96BC-0FA9FC097BF8} = {3A620621-DD5D-49C4-A482-B9C2EC6FF69C}
		{B8609059-3756-4731-B056-E59562089472} = {3264107D-9230-48CA-AF0B-009698E6AC23}
		{BAEFC8A1-2B36-4126-BF90-5D273A28826B} = {1D89DE40-1906-49DC-8C83-206125E98BF5}
		{C16DB1DD-2FB8-4CFD-9671-866ACF0732E8} = {ABCBA015-48AB-4CBA-807B-D19D1A7C4323}
		{3A620621-DD5D-49C4-A482-B9C2EC6FF69C} = {A5D6959D-8FF2-43F9-8E70-0162169DEEBA}
		{1D89DE40-1906-49DC-8C83-206125E98BF5} = {A5D6959D-8FF2-43F9-8E70-0162169DEEBA}
		{3264107D-9230-48CA-AF0B-009698E6AC23} = {A5D6959D-8FF2-43F9-8E70-0162169DEEBA}
		{867F4AD0-6A3C-4B09-B68C-1CA8C33F122B} = {A5D6959D-8FF2-43F9-8E70-0162169DEEBA}
		{EB2E042C-5214-441B-863E-E528B4D0AB50} = {867F4AD0-6A3C-4B09-B68C-1CA8C33F122B}
		{BEE1DDBB-17BB-4873-9CDA-381BEA49ED47} = {CE22D9B5-405B-40F1-923C-2838E1A6D436}
		{8D3F4B1D-033B-4ECE-8BDA-110968EDFE37} = {71AF4067-67F4-4986-8E6A-14394FA0853F}
		{22C7CE62-817C-4DA6-9E0C-E02D2A721452} = {71AF4067-67F4-4986-8E6A-14394FA0853F}
		{9629DDAB-4E84-4C65-A9E1-4B7140D9FC31} = {CE22D9B5-405B-40F1-923C-2838E1A6D436}
		{46A9F63B-9CB0-4526-9C63-A6B932754AD6} = {CE22D9B5-405B-40F1-923C-2838E1A6D436}
	EndGlobalSection
	GlobalSection(ExtensibilityGlobals) = postSolution
		SolutionGuid = {7CD641BD-AECF-4154-B355-FE873BE1D840}
	EndGlobalSection
EndGlobal
